<?xml version="1.0" encoding="utf-8"?>
<Project ToolsVersion="4.0" xmlns="http://schemas.microsoft.com/developer/msbuild/2003">
  <ItemGroup>
    <Filter Include="Form Files">
      <UniqueIdentifier>{99349809-55BA-4b9d-BF79-8FDBB0286EB3}</UniqueIdentifier>
      <Extensions>ui</Extensions>
      <ParseFiles>false</ParseFiles>
    </Filter>
    <Filter Include="Form Files">
      <UniqueIdentifier>{99349809-55BA-4b9d-BF79-8FDBB0286EB3}</UniqueIdentifier>
      <Extensions>ui</Extensions>
      <ParseFiles>false</ParseFiles>
    </Filter>
    <Filter Include="Generated Files">
      <UniqueIdentifier>{71ED8ED8-ACB9-4CE9-BBE1-E00B30144E11}</UniqueIdentifier>
      <Extensions>cpp;c;cxx;moc;h;def;odl;idl;res;</Extensions>
    </Filter>
    <Filter Include="Generated Files">
      <UniqueIdentifier>{71ED8ED8-ACB9-4CE9-BBE1-E00B30144E11}</UniqueIdentifier>
      <Extensions>cpp;c;cxx;moc;h;def;odl;idl;res;</Extensions>
    </Filter>
    <Filter Include="Header Files">
      <UniqueIdentifier>{93995380-89BD-4b04-88EB-625FBE52EBFB}</UniqueIdentifier>
      <Extensions>h;hpp;hxx;hm;inl;inc;xsd</Extensions>
    </Filter>
    <Filter Include="Header Files">
      <UniqueIdentifier>{93995380-89BD-4b04-88EB-625FBE52EBFB}</UniqueIdentifier>
      <Extensions>h;hpp;hxx;hm;inl;inc;xsd</Extensions>
    </Filter>
    <Filter Include="Resource Files">
      <UniqueIdentifier>{D9D6E242-F8AF-46E4-B9FD-80ECBC20BA3E}</UniqueIdentifier>
      <Extensions>qrc;*</Extensions>
      <ParseFiles>false</ParseFiles>
    </Filter>
    <Filter Include="Resource Files">
      <UniqueIdentifier>{D9D6E242-F8AF-46E4-B9FD-80ECBC20BA3E}</UniqueIdentifier>
      <Extensions>qrc;*</Extensions>
      <ParseFiles>false</ParseFiles>
    </Filter>
    <Filter Include="Source Files">
      <UniqueIdentifier>{4FC737F1-C7A5-4376-A066-2A32D752A2FF}</UniqueIdentifier>
      <Extensions>cpp;c;cxx;def;odl;idl;hpj;bat;asm;asmx</Extensions>
    </Filter>
    <Filter Include="Source Files">
      <UniqueIdentifier>{4FC737F1-C7A5-4376-A066-2A32D752A2FF}</UniqueIdentifier>
      <Extensions>cpp;c;cxx;def;odl;idl;hpj;bat;asm;asmx</Extensions>
    </Filter>
  </ItemGroup>
  <ItemGroup>
    <ClCompile Include="Algorithms\BilateralMeshDenoising.cpp">
      <Filter>Source Files</Filter>
    </ClCompile>
    <ClCompile Include="Algorithms\BilateralNormalFilteringForMeshDenoising.cpp">
      <Filter>Source Files</Filter>
    </ClCompile>
    <ClCompile Include="Algorithms\FastAndEffectiveFeaturePreservingMeshDenoising.cpp">
      <Filter>Source Files</Filter>
    </ClCompile>
    <ClCompile Include="Algorithms\GuidedMeshNormalFiltering.cpp">
      <Filter>Source Files</Filter>
    </ClCompile>
    <ClCompile Include="Algorithms\MeshDenoisingBase.cpp">
      <Filter>Source Files</Filter>
    </ClCompile>
    <ClCompile Include="Algorithms\MeshDenoisingViaL0Minimization.cpp">
      <Filter>Source Files</Filter>
    </ClCompile>
    <ClCompile Include="Algorithms\Noise.cpp">
      <Filter>Source Files</Filter>
    </ClCompile>
    <ClCompile Include="Algorithms\NonIterativeFeaturePreservingMeshFiltering.cpp">
      <Filter>Source Files</Filter>
    </ClCompile>
    <ClCompile Include="calculationthread.cpp">
      <Filter>Source Files</Filter>
    </ClCompile>
    <ClCompile Include="datamanager.cpp">
      <Filter>Source Files</Filter>
    </ClCompile>
    <ClCompile Include="glexaminer.cpp">
      <Filter>Source Files</Filter>
    </ClCompile>
    <ClCompile Include="glviewer.cpp">
      <Filter>Source Files</Filter>
    </ClCompile>
    <ClCompile Include="iothread.cpp">
      <Filter>Source Files</Filter>
    </ClCompile>
    <ClCompile Include="main.cpp">
      <Filter>Source Files</Filter>
    </ClCompile>
    <ClCompile Include="mainwindow.cpp">
      <Filter>Source Files</Filter>
    </ClCompile>
    <ClCompile Include="meshexaminer.cpp">
      <Filter>Source Files</Filter>
    </ClCompile>
    <ClCompile Include="parameterset.cpp">
      <Filter>Source Files</Filter>
    </ClCompile>
    <ClCompile Include="parametersetwidget.cpp">
      <Filter>Source Files</Filter>
    </ClCompile>
    <ClCompile Include="Algorithms\RollingGuidedNormalFiltering.cpp">
      <Filter>Source Files</Filter>
    </ClCompile>
    <ClCompile Include="MSFiltering.cpp">
      <Filter>Source Files</Filter>
    </ClCompile>
    <ClCompile Include="Algorithms\SDMeshFiltering.cpp">
      <Filter>Source Files</Filter>
    </ClCompile>
  </ItemGroup>
  <ItemGroup>
    <ClInclude Include="Algorithms\BilateralMeshDenoising.h">
      <Filter>Header Files</Filter>
    </ClInclude>
    <ClInclude Include="Algorithms\BilateralNormalFilteringForMeshDenoising.h">
      <Filter>Header Files</Filter>
    </ClInclude>
    <ClInclude Include="Algorithms\FastAndEffectiveFeaturePreservingMeshDenoising.h">
      <Filter>Header Files</Filter>
    </ClInclude>
    <ClInclude Include="Algorithms\GuidedMeshNormalFiltering.h">
      <Filter>Header Files</Filter>
    </ClInclude>
    <ClInclude Include="Algorithms\MeshDenoisingBase.h">
      <Filter>Header Files</Filter>
    </ClInclude>
    <ClInclude Include="Algorithms\MeshDenoisingViaL0Minimization.h">
      <Filter>Header Files</Filter>
    </ClInclude>
    <ClInclude Include="Algorithms\Noise.h">
      <Filter>Header Files</Filter>
    </ClInclude>
    <ClInclude Include="Algorithms\NonIterativeFeaturePreservingMeshFiltering.h">
      <Filter>Header Files</Filter>
    </ClInclude>
    <QtMoc Include="calculationthread.h">
      <Filter>Header Files</Filter>
    </QtMoc>
    <ClInclude Include="datamanager.h">
      <Filter>Header Files</Filter>
    </ClInclude>
    <ClInclude Include="glexaminer.h">
      <Filter>Header Files</Filter>
    </ClInclude>
    <QtMoc Include="glviewer.h">
      <Filter>Header Files</Filter>
    </QtMoc>
    <ClInclude Include="glwrapper.h">
      <Filter>Header Files</Filter>
    </ClInclude>
    <QtMoc Include="iothread.h">
      <Filter>Header Files</Filter>
    </QtMoc>
    <QtMoc Include="mainwindow.h">
      <Filter>Header Files</Filter>
    </QtMoc>
    <ClInclude Include="mesh.h">
      <Filter>Header Files</Filter>
    </ClInclude>
    <ClInclude Include="meshexaminer.h">
      <Filter>Header Files</Filter>
    </ClInclude>
    <ClInclude Include="parameterset.h">
      <Filter>Header Files</Filter>
    </ClInclude>
    <QtMoc Include="parametersetwidget.h">
      <Filter>Header Files</Filter>
    </QtMoc>
    <ClInclude Include="Algorithms\RollingGuidedNormalFiltering.h">
      <Filter>Header Files</Filter>
    </ClInclude>
    <ClInclude Include="Algorithms\SDFilter\EigenTypes.h">
      <Filter>Header Files</Filter>
    </ClInclude>
    <ClInclude Include="Algorithms\SDFilter\MeshNormalDenoising.h">
      <Filter>Header Files</Filter>
    </ClInclude>
    <ClInclude Include="Algorithms\SDFilter\MeshNormalFilter.h">
      <Filter>Header Files</Filter>
    </ClInclude>
    <ClInclude Include="Algorithms\SDFilter\MeshTypes.h">
      <Filter>Header Files</Filter>
    </ClInclude>
    <ClInclude Include="Algorithms\SDFilter\SDFilter.h">
      <Filter>Header Files</Filter>
    </ClInclude>
    <ClInclude Include="MSFiltering.h">
      <Filter>Header Files</Filter>
    </ClInclude>
    <ClInclude Include="Algorithms\SDMeshFiltering.h">
      <Filter>Header Files</Filter>
    </ClInclude>
  </ItemGroup>
  <ItemGroup>
    <CustomBuild Include="debug\moc_predefs.h.cbt">
      <Filter>Generated Files</Filter>
    </CustomBuild>
    <CustomBuild Include="release\moc_predefs.h.cbt">
      <Filter>Generated Files</Filter>
    </CustomBuild>
    <ClInclude Include="ui_mainwindow.h">
      <Filter>Generated Files</Filter>
    </ClInclude>
  </ItemGroup>
  <ItemGroup>
    <QtUic Include="mainwindow.ui">
      <Filter>Form Files</Filter>
    </QtUic>
  </ItemGroup>
  <ItemGroup>
    <None Include="Icons\MeshDenoise.ico">
      <Filter>Resource Files</Filter>
    </None>
    <None Include="Icons\about.ico">
      <Filter>Resource Files</Filter>
    </None>
    <None Include="Icons\background.ico">
      <Filter>Resource Files</Filter>
    </None>
    <None Include="Icons\edges.ico">
      <Filter>Resource Files</Filter>
    </None>
    <None Include="Icons\faces.ico">
      <Filter>Resource Files</Filter>
    </None>
    <QtRcc Include="mainwindow.qrc">
      <Filter>Resource Files</Filter>
    </QtRcc>
    <None Include="Icons\open.ico">
      <Filter>Resource Files</Filter>
    </None>
    <None Include="Icons\points.ico">
      <Filter>Resource Files</Filter>
    </None>
    <None Include="Icons\save.ico">
      <Filter>Resource Files</Filter>
    </None>
  </ItemGroup>
</Project>